
Microsoft Visual Studio Solution File, Format Version 12.00
# Visual Studio Version 17
VisualStudioVersion = 17.5.33502.453
MinimumVisualStudioVersion = 10.0.40219.1
Project("{FAE04EC0-301F-11D3-BF4B-00C04F79EFBC}") = "Name Kodam Daneshjoo Toolani tar ast", "Name Kodam Daneshjoo Toolani tar ast.csproj", "{726455C7-051F-4B4A-864A-CF04B7A449B0}"
EndProject
Global
	GlobalSection(SolutionConfigurationPlatforms) = preSolution
		Debug|Any CPU = Debug|Any CPU
		Release|Any CPU = Release|Any CPU
	EndGlobalSection
	GlobalSection(ProjectConfigurationPlatforms) = postSolution
		{726455C7-051F-4B4A-864A-CF04B7A449B0}.Debug|Any CPU.ActiveCfg = Debug|Any CPU
		{726455C7-051F-4B4A-864A-CF04B7A449B0}.Debug|Any CPU.Build.0 = Debug|Any CPU
		{726455C7-051F-4B4A-864A-CF04B7A449B0}.Release|Any CPU.ActiveCfg = Release|Any CPU
		{726455C7-051F-4B4A-864A-CF04B7A449B0}.Release|Any CPU.Build.0 = Release|Any CPU
	EndGlobalSection
	GlobalSection(SolutionProperties) = preSolution
		HideSolutionNode = FALSE
	EndGlobalSection
	GlobalSection(ExtensibilityGlobals) = postSolution
		SolutionGuid = {F146C162-7C8D-487B-8D65-3F8E0C9AFCC3}
	EndGlobalSection
EndGlobal
